
Microsoft Visual Studio Solution File, Format Version 12.00
# Visual Studio Version 17
VisualStudioVersion = 17.3.32929.385
MinimumVisualStudioVersion = 10.0.40219.1
Project("{FAE04EC0-301F-11D3-BF4B-00C04F79EFBC}") = "modulo3-semana9-mensageria-api-producer", "modulo3-semana9-mensageria-api-producer\modulo3-semana9-mensageria-api-producer.csproj", "{1750ECD4-767F-47CF-872D-2AE745536D68}"
EndProject
Project("{FAE04EC0-301F-11D3-BF4B-00C04F79EFBC}") = "modulo3-semana9-mensageria-academia-consumer", "modulo3-semana9-mensageria-academia-consumer\modulo3-semana9-mensageria-academia-consumer.csproj", "{1E9FB65E-E8ED-45CF-AAE3-B759A220340E}"
EndProject
Project("{E53339B2-1760-4266-BCC7-CA923CBCF16C}") = "docker-compose", "docker-compose.dcproj", "{42EE4318-1831-4A1E-BA52-1AAC7A00C19D}"
EndProject
Global
	GlobalSection(SolutionConfigurationPlatforms) = preSolution
		Debug|Any CPU = Debug|Any CPU
		Release|Any CPU = Release|Any CPU
	EndGlobalSection
	GlobalSection(ProjectConfigurationPlatforms) = postSolution
		{1750ECD4-767F-47CF-872D-2AE745536D68}.Debug|Any CPU.ActiveCfg = Debug|Any CPU
		{1750ECD4-767F-47CF-872D-2AE745536D68}.Debug|Any CPU.Build.0 = Debug|Any CPU
		{1750ECD4-767F-47CF-872D-2AE745536D68}.Release|Any CPU.ActiveCfg = Release|Any CPU
		{1750ECD4-767F-47CF-872D-2AE745536D68}.Release|Any CPU.Build.0 = Release|Any CPU
		{1E9FB65E-E8ED-45CF-AAE3-B759A220340E}.Debug|Any CPU.ActiveCfg = Debug|Any CPU
		{1E9FB65E-E8ED-45CF-AAE3-B759A220340E}.Debug|Any CPU.Build.0 = Debug|Any CPU
		{1E9FB65E-E8ED-45CF-AAE3-B759A220340E}.Release|Any CPU.ActiveCfg = Release|Any CPU
		{1E9FB65E-E8ED-45CF-AAE3-B759A220340E}.Release|Any CPU.Build.0 = Release|Any CPU
		{42EE4318-1831-4A1E-BA52-1AAC7A00C19D}.Debug|Any CPU.ActiveCfg = Debug|Any CPU
		{42EE4318-1831-4A1E-BA52-1AAC7A00C19D}.Debug|Any CPU.Build.0 = Debug|Any CPU
		{42EE4318-1831-4A1E-BA52-1AAC7A00C19D}.Release|Any CPU.ActiveCfg = Release|Any CPU
		{42EE4318-1831-4A1E-BA52-1AAC7A00C19D}.Release|Any CPU.Build.0 = Release|Any CPU
	EndGlobalSection
	GlobalSection(SolutionProperties) = preSolution
		HideSolutionNode = FALSE
	EndGlobalSection
	GlobalSection(ExtensibilityGlobals) = postSolution
		SolutionGuid = {AFB2AF56-FCA5-48C6-B460-945B4C28AEFA}
	EndGlobalSection
EndGlobal
